
Microsoft Visual Studio Solution File, Format Version 12.00
# Visual Studio Version 16
VisualStudioVersion = 16.0.32106.194
MinimumVisualStudioVersion = 10.0.40219.1
Project("{FAE04EC0-301F-11D3-BF4B-00C04F79EFBC}") = "WFGrravarDadosMySql", "WFGrravarDadosMySql\WFGrravarDadosMySql.csproj", "{5079161C-088C-4D44-8006-189C7AB2A50D}"
EndProject
Global
	GlobalSection(SolutionConfigurationPlatforms) = preSolution
		Debug|Any CPU = Debug|Any CPU
		Release|Any CPU = Release|Any CPU
	EndGlobalSection
	GlobalSection(ProjectConfigurationPlatforms) = postSolution
		{5079161C-088C-4D44-8006-189C7AB2A50D}.Debug|Any CPU.ActiveCfg = Debug|Any CPU
		{5079161C-088C-4D44-8006-189C7AB2A50D}.Debug|Any CPU.Build.0 = Debug|Any CPU
		{5079161C-088C-4D44-8006-189C7AB2A50D}.Release|Any CPU.ActiveCfg = Release|Any CPU
		{5079161C-088C-4D44-8006-189C7AB2A50D}.Release|Any CPU.Build.0 = Release|Any CPU
	EndGlobalSection
	GlobalSection(SolutionProperties) = preSolution
		HideSolutionNode = FALSE
	EndGlobalSection
	GlobalSection(ExtensibilityGlobals) = postSolution
		SolutionGuid = {A5222611-B0EA-4940-B8A6-6FA5CD7E010B}
	EndGlobalSection
EndGlobal
